schema: '2.0'
stages:
  preprocessing:
    cmd: python src/preprocessing.py
    deps:
    - path: src/preprocessing.py
      hash: md5
      md5: ca3701c60fbffaeea9d0fbb57b4b0a48
      size: 1170
    - path: src/utils/fetching.py
      hash: md5
      md5: 55383b000f733f559157def201a9e64d
      size: 1061
    outs:
    - path: dataset/clean_dataset.csv
      hash: md5
      md5: d8a7233debcd9f1ca3839c44ec17dc27
      size: 176890
  train:
    cmd: python src/train.py
    deps:
    - path: dataset/clean_dataset.csv
      hash: md5
      md5: d8a7233debcd9f1ca3839c44ec17dc27
      size: 176890
    - path: src/train.py
      hash: md5
      md5: 30e6dc62f0afd23b9ae33b408249fddd
      size: 1822
    - path: src/utils/model.py
      hash: md5
      md5: 0cb7d5dc67a63ddc7f76def34494af35
      size: 1171
